
Microsoft Visual Studio Solution File, Format Version 12.00
# Visual Studio Version 16
VisualStudioVersion = 16.0.31702.278
MinimumVisualStudioVersion = 10.0.40219.1
Project("{FAE04EC0-301F-11D3-BF4B-00C04F79EFBC}") = "PDC6_mod7_assignment.Android", "PDC6_mod7_assignment\PDC6_mod7_assignment.Android\PDC6_mod7_assignment.Android.csproj", "{A35E2A08-8F89-4207-B1AA-35C0CE576B36}"
EndProject
Project("{FAE04EC0-301F-11D3-BF4B-00C04F79EFBC}") = "PDC6_mod7_assignment", "PDC6_mod7_assignment\PDC6_mod7_assignment\PDC6_mod7_assignment.csproj", "{0FDEC3F1-E7BF-448D-8C16-B0B56BA6B588}"
EndProject
Global
	GlobalSection(SolutionConfigurationPlatforms) = preSolution
		Debug|Any CPU = Debug|Any CPU
		Release|Any CPU = Release|Any CPU
	EndGlobalSection
	GlobalSection(ProjectConfigurationPlatforms) = postSolution
		{A35E2A08-8F89-4207-B1AA-35C0CE576B36}.Debug|Any CPU.ActiveCfg = Debug|Any CPU
		{A35E2A08-8F89-4207-B1AA-35C0CE576B36}.Debug|Any CPU.Build.0 = Debug|Any CPU
		{A35E2A08-8F89-4207-B1AA-35C0CE576B36}.Debug|Any CPU.Deploy.0 = Debug|Any CPU
		{A35E2A08-8F89-4207-B1AA-35C0CE576B36}.Release|Any CPU.ActiveCfg = Release|Any CPU
		{A35E2A08-8F89-4207-B1AA-35C0CE576B36}.Release|Any CPU.Build.0 = Release|Any CPU
		{A35E2A08-8F89-4207-B1AA-35C0CE576B36}.Release|Any CPU.Deploy.0 = Release|Any CPU
		{0FDEC3F1-E7BF-448D-8C16-B0B56BA6B588}.Debug|Any CPU.ActiveCfg = Debug|Any CPU
		{0FDEC3F1-E7BF-448D-8C16-B0B56BA6B588}.Debug|Any CPU.Build.0 = Debug|Any CPU
		{0FDEC3F1-E7BF-448D-8C16-B0B56BA6B588}.Debug|Any CPU.Deploy.0 = Debug|Any CPU
		{0FDEC3F1-E7BF-448D-8C16-B0B56BA6B588}.Release|Any CPU.ActiveCfg = Release|Any CPU
		{0FDEC3F1-E7BF-448D-8C16-B0B56BA6B588}.Release|Any CPU.Build.0 = Release|Any CPU
		{0FDEC3F1-E7BF-448D-8C16-B0B56BA6B588}.Release|Any CPU.Deploy.0 = Release|Any CPU
	EndGlobalSection
	GlobalSection(SolutionProperties) = preSolution
		HideSolutionNode = FALSE
	EndGlobalSection
	GlobalSection(ExtensibilityGlobals) = postSolution
		SolutionGuid = {A1F8F99C-B62B-47F1-B91B-37E4BC8BFFBD}
	EndGlobalSection
EndGlobal
